
Microsoft Visual Studio Solution File, Format Version 11.00
# Visual Studio 2010
Project("{2150E333-8FDC-42A3-9474-1A3956D46DE8}") = "Presentation Layer", "Presentation Layer", "{985787AF-945C-4E4A-A85C-A2C7EB528183}"
EndProject
Project("{2150E333-8FDC-42A3-9474-1A3956D46DE8}") = "Domain Logic", "Domain Logic", "{99E44D6D-FCDC-4CBC-9AB8-E086BCFED361}"
EndProject
Project("{2150E333-8FDC-42A3-9474-1A3956D46DE8}") = "Common Layer", "Common Layer", "{20484DE7-EC64-4616-9576-B6C525C97218}"
EndProject
Project("{FAE04EC0-301F-11D3-BF4B-00C04F79EFBC}") = "Fulbaso.Common", "Fulbaso.Common\Fulbaso.Common.csproj", "{E165A33D-72DC-4863-BACF-531243CF3FA4}"
EndProject
Project("{FAE04EC0-301F-11D3-BF4B-00C04F79EFBC}") = "Fulbaso.Contract", "Fulbaso.Contract\Fulbaso.Contract.csproj", "{D39C7B19-28B4-461C-9F91-190442C173B5}"
EndProject
Project("{FAE04EC0-301F-11D3-BF4B-00C04F79EFBC}") = "Fulbaso.EntityFramework.Logic", "Fulbaso.EntityFramework.BusinessLogic\Fulbaso.EntityFramework.Logic.csproj", "{63319B1F-B305-4E2F-87D2-245074135436}"
EndProject
Project("{FAE04EC0-301F-11D3-BF4B-00C04F79EFBC}") = "Fulbaso.EntityFramework", "Fulbaso.EntityFramework.Data\Fulbaso.EntityFramework.csproj", "{1A2ACCCC-48B2-4EFE-B78E-FAE279CB8A2F}"
EndProject
Project("{FAE04EC0-301F-11D3-BF4B-00C04F79EFBC}") = "Fulbaso.Helpers", "Fulbaso.Helpers\Fulbaso.Helpers.csproj", "{4DC1450D-673A-4A38-A6D8-C3C50FBB7C83}"
EndProject
Project("{FAE04EC0-301F-11D3-BF4B-00C04F79EFBC}") = "Fulbaso.Web", "Fulbaso.Web\Fulbaso.Web.csproj", "{C4FD8FCB-BA04-4ABA-A29F-DF61A3EF9462}"
EndProject
Project("{2150E333-8FDC-42A3-9474-1A3956D46DE8}") = ".nuget", ".nuget", "{9B0D3642-6E93-47E5-82ED-302F95ACC2CA}"
	ProjectSection(SolutionItems) = preProject
		.nuget\NuGet.Config = .nuget\NuGet.Config
		.nuget\nuget.exe = .nuget\nuget.exe
		.nuget\NuGet.targets = .nuget\NuGet.targets
	EndProjectSection
EndProject
Project("{FAE04EC0-301F-11D3-BF4B-00C04F79EFBC}") = "Fulbaso.Facebook.Logic", "Fulbaso.Facebook.BusinessLogic\Fulbaso.Facebook.Logic.csproj", "{FE430CD0-27AE-4144-AF84-7C4BBC0C6F3E}"
EndProject
Project("{FAE04EC0-301F-11D3-BF4B-00C04F79EFBC}") = "Fulbaso.Authentication.Logic", "Fulbaso.Authentication.BusinessLogic\Fulbaso.Authentication.Logic.csproj", "{674D5B8F-313A-4C61-BD83-EAD2A8587B93}"
EndProject
Project("{2150E333-8FDC-42A3-9474-1A3956D46DE8}") = "Importer", "Importer", "{DB4696EE-EDEF-408D-B8C7-B01C16691976}"
EndProject
Project("{FAE04EC0-301F-11D3-BF4B-00C04F79EFBC}") = "Fulbaso.Importer", "Fulbaso.Importer\Fulbaso.Importer.csproj", "{072ACEF0-EA58-4FBA-AF5D-B4209EF157A2}"
EndProject
Project("{2150E333-8FDC-42A3-9474-1A3956D46DE8}") = "Database", "Database", "{981B119C-A2E1-4DE6-A318-CB36DB45FCAA}"
EndProject
Project("{C8D11400-126E-41CD-887F-60BD40844F9E}") = "Fulbaso.Database", "Fulbaso.Database\Fulbaso.Database.dbproj", "{67CBC824-A49E-4E9B-A947-360F3DFE65C3}"
EndProject
Global
	GlobalSection(SolutionConfigurationPlatforms) = preSolution
		Debug|Any CPU = Debug|Any CPU
		Debug|Mixed Platforms = Debug|Mixed Platforms
		Debug|x86 = Debug|x86
		Release|Any CPU = Release|Any CPU
		Release|Mixed Platforms = Release|Mixed Platforms
		Release|x86 = Release|x86
	EndGlobalSection
	GlobalSection(ProjectConfigurationPlatforms) = postSolution
		{E165A33D-72DC-4863-BACF-531243CF3FA4}.Debug|Any CPU.ActiveCfg = Debug|Any CPU
		{E165A33D-72DC-4863-BACF-531243CF3FA4}.Debug|Any CPU.Build.0 = Debug|Any CPU
		{E165A33D-72DC-4863-BACF-531243CF3FA4}.Debug|Mixed Platforms.ActiveCfg = Debug|Any CPU
		{E165A33D-72DC-4863-BACF-531243CF3FA4}.Debug|Mixed Platforms.Build.0 = Debug|Any CPU
		{E165A33D-72DC-4863-BACF-531243CF3FA4}.Debug|x86.ActiveCfg = Debug|Any CPU
		{E165A33D-72DC-4863-BACF-531243CF3FA4}.Release|Any CPU.ActiveCfg = Release|Any CPU
		{E165A33D-72DC-4863-BACF-531243CF3FA4}.Release|Any CPU.Build.0 = Release|Any CPU
		{E165A33D-72DC-4863-BACF-531243CF3FA4}.Release|Mixed Platforms.ActiveCfg = Release|Any CPU
		{E165A33D-72DC-4863-BACF-531243CF3FA4}.Release|Mixed Platforms.Build.0 = Release|Any CPU
		{E165A33D-72DC-4863-BACF-531243CF3FA4}.Release|x86.ActiveCfg = Release|Any CPU
		{D39C7B19-28B4-461C-9F91-190442C173B5}.Debug|Any CPU.ActiveCfg = Debug|Any CPU
		{D39C7B19-28B4-461C-9F91-190442C173B5}.Debug|Any CPU.Build.0 = Debug|Any CPU
		{D39C7B19-28B4-461C-9F91-190442C173B5}.Debug|Mixed Platforms.ActiveCfg = Debug|Any CPU
		{D39C7B19-28B4-461C-9F91-190442C173B5}.Debug|Mixed Platforms.Build.0 = Debug|Any CPU
		{D39C7B19-28B4-461C-9F91-190442C173B5}.Debug|x86.ActiveCfg = Debug|Any CPU
		{D39C7B19-28B4-461C-9F91-190442C173B5}.Release|Any CPU.ActiveCfg = Release|Any CPU
		{D39C7B19-28B4-461C-9F91-190442C173B5}.Release|Any CPU.Build.0 = Release|Any CPU
		{D39C7B19-28B4-461C-9F91-190442C173B5}.Release|Mixed Platforms.ActiveCfg = Release|Any CPU
		{D39C7B19-28B4-461C-9F91-190442C173B5}.Release|Mixed Platforms.Build.0 = Release|Any CPU
		{D39C7B19-28B4-461C-9F91-190442C173B5}.Release|x86.ActiveCfg = Release|Any CPU
		{63319B1F-B305-4E2F-87D2-245074135436}.Debug|Any CPU.ActiveCfg = Debug|Any CPU
		{63319B1F-B305-4E2F-87D2-245074135436}.Debug|Any CPU.Build.0 = Debug|Any CPU
		{63319B1F-B305-4E2F-87D2-245074135436}.Debug|Mixed Platforms.ActiveCfg = Debug|Any CPU
		{63319B1F-B305-4E2F-87D2-245074135436}.Debug|Mixed Platforms.Build.0 = Debug|Any CPU
		{63319B1F-B305-4E2F-87D2-245074135436}.Debug|x86.ActiveCfg = Debug|Any CPU
		{63319B1F-B305-4E2F-87D2-245074135436}.Release|Any CPU.ActiveCfg = Release|Any CPU
		{63319B1F-B305-4E2F-87D2-245074135436}.Release|Any CPU.Build.0 = Release|Any CPU
		{63319B1F-B305-4E2F-87D2-245074135436}.Release|Mixed Platforms.ActiveCfg = Release|Any CPU
		{63319B1F-B305-4E2F-87D2-245074135436}.Release|Mixed Platforms.Build.0 = Release|Any CPU
		{63319B1F-B305-4E2F-87D2-245074135436}.Release|x86.ActiveCfg = Release|Any CPU
		{1A2ACCCC-48B2-4EFE-B78E-FAE279CB8A2F}.Debug|Any CPU.ActiveCfg = Debug|Any CPU
		{1A2ACCCC-48B2-4EFE-B78E-FAE279CB8A2F}.Debug|Any CPU.Build.0 = Debug|Any CPU
		{1A2ACCCC-48B2-4EFE-B78E-FAE279CB8A2F}.Debug|Mixed Platforms.ActiveCfg = Debug|Any CPU
		{1A2ACCCC-48B2-4EFE-B78E-FAE279CB8A2F}.Debug|Mixed Platforms.Build.0 = Debug|Any CPU
		{1A2ACCCC-48B2-4EFE-B78E-FAE279CB8A2F}.Debug|x86.ActiveCfg = Debug|Any CPU
		{1A2ACCCC-48B2-4EFE-B78E-FAE279CB8A2F}.Release|Any CPU.ActiveCfg = Release|Any CPU
		{1A2ACCCC-48B2-4EFE-B78E-FAE279CB8A2F}.Release|Any CPU.Build.0 = Release|Any CPU
		{1A2ACCCC-48B2-4EFE-B78E-FAE279CB8A2F}.Release|Mixed Platforms.ActiveCfg = Release|Any CPU
		{1A2ACCCC-48B2-4EFE-B78E-FAE279CB8A2F}.Release|Mixed Platforms.Build.0 = Release|Any CPU
		{1A2ACCCC-48B2-4EFE-B78E-FAE279CB8A2F}.Release|x86.ActiveCfg = Release|Any CPU
		{4DC1450D-673A-4A38-A6D8-C3C50FBB7C83}.Debug|Any CPU.ActiveCfg = Debug|Any CPU
		{4DC1450D-673A-4A38-A6D8-C3C50FBB7C83}.Debug|Any CPU.Build.0 = Debug|Any CPU
		{4DC1450D-673A-4A38-A6D8-C3C50FBB7C83}.Debug|Mixed Platforms.ActiveCfg = Debug|Any CPU
		{4DC1450D-673A-4A38-A6D8-C3C50FBB7C83}.Debug|Mixed Platforms.Build.0 = Debug|Any CPU
		{4DC1450D-673A-4A38-A6D8-C3C50FBB7C83}.Debug|x86.ActiveCfg = Debug|Any CPU
		{4DC1450D-673A-4A38-A6D8-C3C50FBB7C83}.Release|Any CPU.ActiveCfg = Release|Any CPU
		{4DC1450D-673A-4A38-A6D8-C3C50FBB7C83}.Release|Any CPU.Build.0 = Release|Any CPU
		{4DC1450D-673A-4A38-A6D8-C3C50FBB7C83}.Release|Mixed Platforms.ActiveCfg = Release|Any CPU
		{4DC1450D-673A-4A38-A6D8-C3C50FBB7C83}.Release|Mixed Platforms.Build.0 = Release|Any CPU
		{4DC1450D-673A-4A38-A6D8-C3C50FBB7C83}.Release|x86.ActiveCfg = Release|Any CPU
		{C4FD8FCB-BA04-4ABA-A29F-DF61A3EF9462}.Debug|Any CPU.ActiveCfg = Debug|Any CPU
		{C4FD8FCB-BA04-4ABA-A29F-DF61A3EF9462}.Debug|Any CPU.Build.0 = Debug|Any CPU
		{C4FD8FCB-BA04-4ABA-A29F-DF61A3EF9462}.Debug|Mixed Platforms.ActiveCfg = Debug|Any CPU
		{C4FD8FCB-BA04-4ABA-A29F-DF61A3EF9462}.Debug|Mixed Platforms.Build.0 = Debug|Any CPU
		{C4FD8FCB-BA04-4ABA-A29F-DF61A3EF9462}.Debug|x86.ActiveCfg = Debug|Any CPU
		{C4FD8FCB-BA04-4ABA-A29F-DF61A3EF9462}.Release|Any CPU.ActiveCfg = Release|Any CPU
		{C4FD8FCB-BA04-4ABA-A29F-DF61A3EF9462}.Release|Any CPU.Build.0 = Release|Any CPU
		{C4FD8FCB-BA04-4ABA-A29F-DF61A3EF9462}.Release|Mixed Platforms.ActiveCfg = Release|Any CPU
		{C4FD8FCB-BA04-4ABA-A29F-DF61A3EF9462}.Release|Mixed Platforms.Build.0 = Release|Any CPU
		{C4FD8FCB-BA04-4ABA-A29F-DF61A3EF9462}.Release|x86.ActiveCfg = Release|Any CPU
		{FE430CD0-27AE-4144-AF84-7C4BBC0C6F3E}.Debug|Any CPU.ActiveCfg = Debug|Any CPU
		{FE430CD0-27AE-4144-AF84-7C4BBC0C6F3E}.Debug|Any CPU.Build.0 = Debug|Any CPU
		{FE430CD0-27AE-4144-AF84-7C4BBC0C6F3E}.Debug|Mixed Platforms.ActiveCfg = Debug|Any CPU
		{FE430CD0-27AE-4144-AF84-7C4BBC0C6F3E}.Debug|Mixed Platforms.Build.0 = Debug|Any CPU
		{FE430CD0-27AE-4144-AF84-7C4BBC0C6F3E}.Debug|x86.ActiveCfg = Debug|Any CPU
		{FE430CD0-27AE-4144-AF84-7C4BBC0C6F3E}.Release|Any CPU.ActiveCfg = Release|Any CPU
		{FE430CD0-27AE-4144-AF84-7C4BBC0C6F3E}.Release|Any CPU.Build.0 = Release|Any CPU
		{FE430CD0-27AE-4144-AF84-7C4BBC0C6F3E}.Release|Mixed Platforms.ActiveCfg = Release|Any CPU
		{FE430CD0-27AE-4144-AF84-7C4BBC0C6F3E}.Release|Mixed Platforms.Build.0 = Release|Any CPU
		{FE430CD0-27AE-4144-AF84-7C4BBC0C6F3E}.Release|x86.ActiveCfg = Release|Any CPU
		{674D5B8F-313A-4C61-BD83-EAD2A8587B93}.Debug|Any CPU.ActiveCfg = Debug|Any CPU
		{674D5B8F-313A-4C61-BD83-EAD2A8587B93}.Debug|Any CPU.Build.0 = Debug|Any CPU
		{674D5B8F-313A-4C61-BD83-EAD2A8587B93}.Debug|Mixed Platforms.ActiveCfg = Debug|Any CPU
		{674D5B8F-313A-4C61-BD83-EAD2A8587B93}.Debug|Mixed Platforms.Build.0 = Debug|Any CPU
		{674D5B8F-313A-4C61-BD83-EAD2A8587B93}.Debug|x86.ActiveCfg = Debug|Any CPU
		{674D5B8F-313A-4C61-BD83-EAD2A8587B93}.Release|Any CPU.ActiveCfg = Release|Any CPU
		{674D5B8F-313A-4C61-BD83-EAD2A8587B93}.Release|Any CPU.Build.0 = Release|Any CPU
		{674D5B8F-313A-4C61-BD83-EAD2A8587B93}.Release|Mixed Platforms.ActiveCfg = Release|Any CPU
		{674D5B8F-313A-4C61-BD83-EAD2A8587B93}.Release|Mixed Platforms.Build.0 = Release|Any CPU
		{674D5B8F-313A-4C61-BD83-EAD2A8587B93}.Release|x86.ActiveCfg = Release|Any CPU
		{072ACEF0-EA58-4FBA-AF5D-B4209EF157A2}.Debug|Any CPU.ActiveCfg = Debug|Any CPU
		{072ACEF0-EA58-4FBA-AF5D-B4209EF157A2}.Debug|Any CPU.Build.0 = Debug|Any CPU
		{072ACEF0-EA58-4FBA-AF5D-B4209EF157A2}.Debug|Mixed Platforms.ActiveCfg = Debug|Any CPU
		{072ACEF0-EA58-4FBA-AF5D-B4209EF157A2}.Debug|Mixed Platforms.Build.0 = Debug|Any CPU
		{072ACEF0-EA58-4FBA-AF5D-B4209EF157A2}.Debug|x86.ActiveCfg = Debug|Any CPU
		{072ACEF0-EA58-4FBA-AF5D-B4209EF157A2}.Release|Any CPU.ActiveCfg = Release|Any CPU
		{072ACEF0-EA58-4FBA-AF5D-B4209EF157A2}.Release|Any CPU.Build.0 = Release|Any CPU
		{072ACEF0-EA58-4FBA-AF5D-B4209EF157A2}.Release|Mixed Platforms.ActiveCfg = Release|Any CPU
		{072ACEF0-EA58-4FBA-AF5D-B4209EF157A2}.Release|Mixed Platforms.Build.0 = Release|Any CPU
		{072ACEF0-EA58-4FBA-AF5D-B4209EF157A2}.Release|x86.ActiveCfg = Release|Any CPU
		{67CBC824-A49E-4E9B-A947-360F3DFE65C3}.Debug|Any CPU.ActiveCfg = Debug|Any CPU
		{67CBC824-A49E-4E9B-A947-360F3DFE65C3}.Debug|Any CPU.Build.0 = Debug|Any CPU
		{67CBC824-A49E-4E9B-A947-360F3DFE65C3}.Debug|Any CPU.Deploy.0 = Debug|Any CPU
		{67CBC824-A49E-4E9B-A947-360F3DFE65C3}.Debug|Mixed Platforms.ActiveCfg = Debug|Any CPU
		{67CBC824-A49E-4E9B-A947-360F3DFE65C3}.Debug|Mixed Platforms.Build.0 = Debug|Any CPU
		{67CBC824-A49E-4E9B-A947-360F3DFE65C3}.Debug|Mixed Platforms.Deploy.0 = Debug|Any CPU
		{67CBC824-A49E-4E9B-A947-360F3DFE65C3}.Debug|x86.ActiveCfg = Debug|Any CPU
		{67CBC824-A49E-4E9B-A947-360F3DFE65C3}.Release|Any CPU.ActiveCfg = Release|Any CPU
		{67CBC824-A49E-4E9B-A947-360F3DFE65C3}.Release|Any CPU.Build.0 = Release|Any CPU
		{67CBC824-A49E-4E9B-A947-360F3DFE65C3}.Release|Any CPU.Deploy.0 = Release|Any CPU
		{67CBC824-A49E-4E9B-A947-360F3DFE65C3}.Release|Mixed Platforms.ActiveCfg = Release|Any CPU
		{67CBC824-A49E-4E9B-A947-360F3DFE65C3}.Release|Mixed Platforms.Build.0 = Release|Any CPU
		{67CBC824-A49E-4E9B-A947-360F3DFE65C3}.Release|Mixed Platforms.Deploy.0 = Release|Any CPU
		{67CBC824-A49E-4E9B-A947-360F3DFE65C3}.Release|x86.ActiveCfg = Release|Any CPU
	EndGlobalSection
	GlobalSection(SolutionProperties) = preSolution
		HideSolutionNode = FALSE
	EndGlobalSection
	GlobalSection(NestedProjects) = preSolution
		{C4FD8FCB-BA04-4ABA-A29F-DF61A3EF9462} = {985787AF-945C-4E4A-A85C-A2C7EB528183}
		{63319B1F-B305-4E2F-87D2-245074135436} = {99E44D6D-FCDC-4CBC-9AB8-E086BCFED361}
		{FE430CD0-27AE-4144-AF84-7C4BBC0C6F3E} = {99E44D6D-FCDC-4CBC-9AB8-E086BCFED361}
		{674D5B8F-313A-4C61-BD83-EAD2A8587B93} = {99E44D6D-FCDC-4CBC-9AB8-E086BCFED361}
		{E165A33D-72DC-4863-BACF-531243CF3FA4} = {20484DE7-EC64-4616-9576-B6C525C97218}
		{D39C7B19-28B4-461C-9F91-190442C173B5} = {20484DE7-EC64-4616-9576-B6C525C97218}
		{4DC1450D-673A-4A38-A6D8-C3C50FBB7C83} = {20484DE7-EC64-4616-9576-B6C525C97218}
		{1A2ACCCC-48B2-4EFE-B78E-FAE279CB8A2F} = {981B119C-A2E1-4DE6-A318-CB36DB45FCAA}
		{67CBC824-A49E-4E9B-A947-360F3DFE65C3} = {981B119C-A2E1-4DE6-A318-CB36DB45FCAA}
		{072ACEF0-EA58-4FBA-AF5D-B4209EF157A2} = {DB4696EE-EDEF-408D-B8C7-B01C16691976}
	EndGlobalSection
EndGlobal
